
Microsoft Visual Studio Solution File, Format Version 12.00
# Visual Studio Version 16
VisualStudioVersion = 16.0.32126.315
MinimumVisualStudioVersion = 10.0.40219.1
Project("{FAE04EC0-301F-11D3-BF4B-00C04F79EFBC}") = "DateTimeHomework", "DateTimeHomework\DateTimeHomework.csproj", "{5272EDAA-2E2D-45D1-99B4-1CAB6C37C249}"
EndProject
Project("{FAE04EC0-301F-11D3-BF4B-00C04F79EFBC}") = "ClassLibrary", "ClassLibrary\ClassLibrary.csproj", "{CA04A6DD-1BCF-44CE-9BC1-52D1B06219F5}"
EndProject
Project("{FAE04EC0-301F-11D3-BF4B-00C04F79EFBC}") = "Classwork", "Classwork\Classwork.csproj", "{C85A0802-FF88-4BF2-B483-D70F975AB316}"
EndProject
Project("{FAE04EC0-301F-11D3-BF4B-00C04F79EFBC}") = "DateTimePractice", "DateTime\DateTimePractice.csproj", "{C262CB78-4C96-4985-A4AB-E6AB21904CE2}"
EndProject
Global
	GlobalSection(SolutionConfigurationPlatforms) = preSolution
		Debug|Any CPU = Debug|Any CPU
		Release|Any CPU = Release|Any CPU
	EndGlobalSection
	GlobalSection(ProjectConfigurationPlatforms) = postSolution
		{5272EDAA-2E2D-45D1-99B4-1CAB6C37C249}.Debug|Any CPU.ActiveCfg = Debug|Any CPU
		{5272EDAA-2E2D-45D1-99B4-1CAB6C37C249}.Debug|Any CPU.Build.0 = Debug|Any CPU
		{5272EDAA-2E2D-45D1-99B4-1CAB6C37C249}.Release|Any CPU.ActiveCfg = Release|Any CPU
		{5272EDAA-2E2D-45D1-99B4-1CAB6C37C249}.Release|Any CPU.Build.0 = Release|Any CPU
		{CA04A6DD-1BCF-44CE-9BC1-52D1B06219F5}.Debug|Any CPU.ActiveCfg = Debug|Any CPU
		{CA04A6DD-1BCF-44CE-9BC1-52D1B06219F5}.Debug|Any CPU.Build.0 = Debug|Any CPU
		{CA04A6DD-1BCF-44CE-9BC1-52D1B06219F5}.Release|Any CPU.ActiveCfg = Release|Any CPU
		{CA04A6DD-1BCF-44CE-9BC1-52D1B06219F5}.Release|Any CPU.Build.0 = Release|Any CPU
		{C85A0802-FF88-4BF2-B483-D70F975AB316}.Debug|Any CPU.ActiveCfg = Debug|Any CPU
		{C85A0802-FF88-4BF2-B483-D70F975AB316}.Debug|Any CPU.Build.0 = Debug|Any CPU
		{C85A0802-FF88-4BF2-B483-D70F975AB316}.Release|Any CPU.ActiveCfg = Release|Any CPU
		{C85A0802-FF88-4BF2-B483-D70F975AB316}.Release|Any CPU.Build.0 = Release|Any CPU
		{C262CB78-4C96-4985-A4AB-E6AB21904CE2}.Debug|Any CPU.ActiveCfg = Debug|Any CPU
		{C262CB78-4C96-4985-A4AB-E6AB21904CE2}.Debug|Any CPU.Build.0 = Debug|Any CPU
		{C262CB78-4C96-4985-A4AB-E6AB21904CE2}.Release|Any CPU.ActiveCfg = Release|Any CPU
		{C262CB78-4C96-4985-A4AB-E6AB21904CE2}.Release|Any CPU.Build.0 = Release|Any CPU
	EndGlobalSection
	GlobalSection(SolutionProperties) = preSolution
		HideSolutionNode = FALSE
	EndGlobalSection
	GlobalSection(ExtensibilityGlobals) = postSolution
		SolutionGuid = {50F3E4DB-B636-4A12-BA02-74D3A7FCEA1C}
	EndGlobalSection
EndGlobal
